
Microsoft Visual Studio Solution File, Format Version 12.00
# Visual Studio Version 17
VisualStudioVersion = 17.2.32630.192
MinimumVisualStudioVersion = 10.0.40219.1
Project("{FAE04EC0-301F-11D3-BF4B-00C04F79EFBC}") = "ContosoUniversity", "ContosoUniversity\ContosoUniversity.csproj", "{F7F031C5-48C9-441F-BA06-5B5491881A10}"
EndProject
Global
	GlobalSection(SolutionConfigurationPlatforms) = preSolution
		Debug|Any CPU = Debug|Any CPU
		Release|Any CPU = Release|Any CPU
	EndGlobalSection
	GlobalSection(ProjectConfigurationPlatforms) = postSolution
		{F7F031C5-48C9-441F-BA06-5B5491881A10}.Debug|Any CPU.ActiveCfg = Debug|Any CPU
		{F7F031C5-48C9-441F-BA06-5B5491881A10}.Debug|Any CPU.Build.0 = Debug|Any CPU
		{F7F031C5-48C9-441F-BA06-5B5491881A10}.Release|Any CPU.ActiveCfg = Release|Any CPU
		{F7F031C5-48C9-441F-BA06-5B5491881A10}.Release|Any CPU.Build.0 = Release|Any CPU
	EndGlobalSection
	GlobalSection(SolutionProperties) = preSolution
		HideSolutionNode = FALSE
	EndGlobalSection
	GlobalSection(ExtensibilityGlobals) = postSolution
		SolutionGuid = {931591AB-A6F3-4849-831B-DAC74FB45E3B}
	EndGlobalSection
EndGlobal
